
Microsoft Visual Studio Solution File, Format Version 12.00
# Visual Studio 15
VisualStudioVersion = 15.0.28307.102
MinimumVisualStudioVersion = 10.0.40219.1
Project("{FAE04EC0-301F-11D3-BF4B-00C04F79EFBC}") = "webadmin", "webadmin\webadmin.csproj", "{B089A879-263D-4945-B379-3B8885FE6EDD}"
EndProject
Global
	GlobalSection(SolutionConfigurationPlatforms) = preSolution
		Debug|Any CPU = Debug|Any CPU
		Release|Any CPU = Release|Any CPU
	EndGlobalSection
	GlobalSection(ProjectConfigurationPlatforms) = postSolution
		{B089A879-263D-4945-B379-3B8885FE6EDD}.Debug|Any CPU.ActiveCfg = Debug|Any CPU
		{B089A879-263D-4945-B379-3B8885FE6EDD}.Debug|Any CPU.Build.0 = Debug|Any CPU
		{B089A879-263D-4945-B379-3B8885FE6EDD}.Release|Any CPU.ActiveCfg = Release|Any CPU
		{B089A879-263D-4945-B379-3B8885FE6EDD}.Release|Any CPU.Build.0 = Release|Any CPU
	EndGlobalSection
	GlobalSection(SolutionProperties) = preSolution
		HideSolutionNode = FALSE
	EndGlobalSection
	GlobalSection(ExtensibilityGlobals) = postSolution
		SolutionGuid = {580FF8F6-04F6-4861-99F5-96B815290BA8}
	EndGlobalSection
EndGlobal
